[root]
name = "librespot"
version = "0.1.0"
dependencies = [
 "anymap 0.12.0 (registry+https://github.com/rust-lang/crates.io-index)",
 "argparse 0.2.1 (registry+https://github.com/rust-lang/crates.io-index)",
 "bounded-spsc-queue 0.1.2 (registry+https://github.com/rust-lang/crates.io-index)",
 "byteorder 0.5.3 (registry+https://github.com/rust-lang/crates.io-index)",
 "coreaudio-rs 0.6.0 (registry+https://github.com/rust-lang/crates.io-index)",
 "env_logger 0.3.5 (registry+https://github.com/rust-lang/crates.io-index)",
 "futures 0.1.3 (git+https://github.com/alexcrichton/futures-rs)",
 "json_macros 0.3.1 (git+https://github.com/plietar/json_macros)",
 "lazy_static 0.2.2 (registry+https://github.com/rust-lang/crates.io-index)",
 "lewton 0.4.1 (registry+https://github.com/rust-lang/crates.io-index)",
 "librespot-protocol 0.1.0",
 "log 0.3.6 (registry+https://github.com/rust-lang/crates.io-index)",
 "num 0.1.36 (registry+https://github.com/rust-lang/crates.io-index)",
 "ogg 0.4.0 (registry+https://github.com/rust-lang/crates.io-index)",
 "protobuf 1.0.24 (registry+https://github.com/rust-lang/crates.io-index)",
 "protobuf_macros 0.6.0 (git+https://github.com/plietar/rust-protobuf-macros)",
 "rand 0.3.14 (registry+https://github.com/rust-lang/crates.io-index)",
 "rpassword 0.3.0 (registry+https://github.com/rust-lang/crates.io-index)",
 "rust-crypto 0.2.36 (registry+https://github.com/rust-lang/crates.io-index)",
 "rustc-serialize 0.3.21 (registry+https://github.com/rust-lang/crates.io-index)",
 "serde 0.8.17 (registry+https://github.com/rust-lang/crates.io-index)",
 "serde_codegen 0.8.17 (registry+https://github.com/rust-lang/crates.io-index)",
 "serde_derive 0.8.17 (registry+https://github.com/rust-lang/crates.io-index)",
 "serde_json 0.8.3 (registry+https://github.com/rust-lang/crates.io-index)",
 "shannon 0.1.1 (git+https://github.com/plietar/rust-shannon)",
 "tokio-core 0.1.0 (git+https://github.com/tokio-rs/tokio-core)",
 "uuid 0.3.1 (registry+https://github.com/rust-lang/crates.io-index)",
 "vergen 0.1.1 (registry+https://github.com/rust-lang/crates.io-index)",
]

[[package]]
name = "aho-corasick"
version = "0.5.3"
source = "registry+https://github.com/rust-lang/crates.io-index"
dependencies = [
 "memchr 0.1.11 (registry+https://github.com/rust-lang/crates.io-index)",
]

[[package]]
name = "anymap"
version = "0.12.0"
source = "registry+https://github.com/rust-lang/crates.io-index"

[[package]]
name = "argparse"
version = "0.2.1"
source = "registry+https://github.com/rust-lang/crates.io-index"

[[package]]
name = "aster"
version = "0.33.1"
source = "registry+https://github.com/rust-lang/crates.io-index"
dependencies = [
 "syntex_syntax 0.48.0 (registry+https://github.com/rust-lang/crates.io-index)",
]

[[package]]
name = "bitflags"
version = "0.4.0"
source = "registry+https://github.com/rust-lang/crates.io-index"

[[package]]
name = "bitflags"
version = "0.7.0"
source = "registry+https://github.com/rust-lang/crates.io-index"

[[package]]
name = "bounded-spsc-queue"
version = "0.1.2"
source = "registry+https://github.com/rust-lang/crates.io-index"

[[package]]
name = "byteorder"
version = "0.5.3"
source = "registry+https://github.com/rust-lang/crates.io-index"

[[package]]
name = "cfg-if"
version = "0.1.0"
source = "registry+https://github.com/rust-lang/crates.io-index"

[[package]]
name = "coreaudio-rs"
version = "0.6.0"
source = "registry+https://github.com/rust-lang/crates.io-index"
dependencies = [
 "bitflags 0.7.0 (registry+https://github.com/rust-lang/crates.io-index)",
 "coreaudio-sys 0.1.2 (registry+https://github.com/rust-lang/crates.io-index)",
 "libc 0.2.17 (registry+https://github.com/rust-lang/crates.io-index)",
]

[[package]]
name = "coreaudio-sys"
version = "0.1.2"
source = "registry+https://github.com/rust-lang/crates.io-index"
dependencies = [
 "libc 0.2.17 (registry+https://github.com/rust-lang/crates.io-index)",
]

[[package]]
name = "dtoa"
version = "0.2.2"
source = "registry+https://github.com/rust-lang/crates.io-index"

[[package]]
name = "env_logger"
version = "0.3.5"
source = "registry+https://github.com/rust-lang/crates.io-index"
dependencies = [
 "log 0.3.6 (registry+https://github.com/rust-lang/crates.io-index)",
 "regex 0.1.80 (registry+https://github.com/rust-lang/crates.io-index)",
]

[[package]]
name = "futures"
version = "0.1.3"
source = "git+https://github.com/alexcrichton/futures-rs#5e75b6ed0e687d29a6a7518b1801510f1d00e3b1"
dependencies = [
 "log 0.3.6 (registry+https://github.com/rust-lang/crates.io-index)",
]

[[package]]
name = "gcc"
version = "0.3.38"
source = "registry+https://github.com/rust-lang/crates.io-index"

[[package]]
name = "ieee754"
version = "0.2.1"
source = "registry+https://github.com/rust-lang/crates.io-index"

[[package]]
name = "itoa"
version = "0.1.1"
source = "registry+https://github.com/rust-lang/crates.io-index"

[[package]]
name = "json_macros"
version = "0.3.1"
source = "git+https://github.com/plietar/json_macros#fe9ca2c419408491494fd6369241e348f758444f"
dependencies = [
 "quasi 0.25.1 (registry+https://github.com/rust-lang/crates.io-index)",
 "quasi_codegen 0.25.1 (registry+https://github.com/rust-lang/crates.io-index)",
 "rustc-serialize 0.3.21 (registry+https://github.com/rust-lang/crates.io-index)",
 "syntex 0.48.0 (registry+https://github.com/rust-lang/crates.io-index)",
 "syntex_syntax 0.48.0 (registry+https://github.com/rust-lang/crates.io-index)",
]

[[package]]
name = "kernel32-sys"
version = "0.2.2"
source = "registry+https://github.com/rust-lang/crates.io-index"
dependencies = [
 "winapi 0.2.8 (registry+https://github.com/rust-lang/crates.io-index)",
 "winapi-build 0.1.1 (registry+https://github.com/rust-lang/crates.io-index)",
]

[[package]]
name = "lazy_static"
version = "0.2.2"
source = "registry+https://github.com/rust-lang/crates.io-index"

[[package]]
name = "lazycell"
version = "0.4.0"
source = "registry+https://github.com/rust-lang/crates.io-index"

[[package]]
name = "lewton"
version = "0.4.1"
source = "registry+https://github.com/rust-lang/crates.io-index"
dependencies = [
 "byteorder 0.5.3 (registry+https://github.com/rust-lang/crates.io-index)",
 "ieee754 0.2.1 (registry+https://github.com/rust-lang/crates.io-index)",
 "ogg 0.4.0 (registry+https://github.com/rust-lang/crates.io-index)",
]

[[package]]
name = "libc"
version = "0.2.17"
source = "registry+https://github.com/rust-lang/crates.io-index"

[[package]]
name = "librespot-protocol"
version = "0.1.0"
dependencies = [
 "protobuf 1.0.24 (registry+https://github.com/rust-lang/crates.io-index)",
 "protobuf_build 0.1.1 (git+https://github.com/plietar/rust-protobuf-build.git)",
]

[[package]]
name = "log"
version = "0.3.6"
source = "registry+https://github.com/rust-lang/crates.io-index"

[[package]]
name = "memchr"
version = "0.1.11"
source = "registry+https://github.com/rust-lang/crates.io-index"
dependencies = [
 "libc 0.2.17 (registry+https://github.com/rust-lang/crates.io-index)",
]

[[package]]
name = "mio"
version = "0.6.1"
source = "registry+https://github.com/rust-lang/crates.io-index"
dependencies = [
 "kernel32-sys 0.2.2 (registry+https://github.com/rust-lang/crates.io-index)",
 "lazycell 0.4.0 (registry+https://github.com/rust-lang/crates.io-index)",
 "libc 0.2.17 (registry+https://github.com/rust-lang/crates.io-index)",
 "log 0.3.6 (registry+https://github.com/rust-lang/crates.io-index)",
 "miow 0.1.3 (registry+https://github.com/rust-lang/crates.io-index)",
 "net2 0.2.26 (registry+https://github.com/rust-lang/crates.io-index)",
 "nix 0.7.0 (registry+https://github.com/rust-lang/crates.io-index)",
 "slab 0.3.0 (registry+https://github.com/rust-lang/crates.io-index)",
 "winapi 0.2.8 (registry+https://github.com/rust-lang/crates.io-index)",
]

[[package]]
name = "miow"
version = "0.1.3"
source = "registry+https://github.com/rust-lang/crates.io-index"
dependencies = [
 "kernel32-sys 0.2.2 (registry+https://github.com/rust-lang/crates.io-index)",
 "net2 0.2.26 (registry+https://github.com/rust-lang/crates.io-index)",
 "winapi 0.2.8 (registry+https://github.com/rust-lang/crates.io-index)",
 "ws2_32-sys 0.2.1 (registry+https://github.com/rust-lang/crates.io-index)",
]

[[package]]
name = "net2"
version = "0.2.26"
source = "registry+https://github.com/rust-lang/crates.io-index"
dependencies = [
 "cfg-if 0.1.0 (registry+https://github.com/rust-lang/crates.io-index)",
 "kernel32-sys 0.2.2 (registry+https://github.com/rust-lang/crates.io-index)",
 "libc 0.2.17 (registry+https://github.com/rust-lang/crates.io-index)",
 "winapi 0.2.8 (registry+https://github.com/rust-lang/crates.io-index)",
 "ws2_32-sys 0.2.1 (registry+https://github.com/rust-lang/crates.io-index)",
]

[[package]]
name = "nix"
version = "0.7.0"
source = "registry+https://github.com/rust-lang/crates.io-index"
dependencies = [
 "bitflags 0.4.0 (registry+https://github.com/rust-lang/crates.io-index)",
 "cfg-if 0.1.0 (registry+https://github.com/rust-lang/crates.io-index)",
 "libc 0.2.17 (registry+https://github.com/rust-lang/crates.io-index)",
 "rustc_version 0.1.7 (registry+https://github.com/rust-lang/crates.io-index)",
 "semver 0.1.20 (registry+https://github.com/rust-lang/crates.io-index)",
 "void 1.0.2 (registry+https://github.com/rust-lang/crates.io-index)",
]

[[package]]
name = "num"
version = "0.1.36"
source = "registry+https://github.com/rust-lang/crates.io-index"
dependencies = [
 "num-bigint 0.1.35 (registry+https://github.com/rust-lang/crates.io-index)",
 "num-complex 0.1.35 (registry+https://github.com/rust-lang/crates.io-index)",
 "num-integer 0.1.32 (registry+https://github.com/rust-lang/crates.io-index)",
 "num-iter 0.1.32 (registry+https://github.com/rust-lang/crates.io-index)",
 "num-rational 0.1.35 (registry+https://github.com/rust-lang/crates.io-index)",
 "num-traits 0.1.36 (registry+https://github.com/rust-lang/crates.io-index)",
]

[[package]]
name = "num-bigint"
version = "0.1.35"
source = "registry+https://github.com/rust-lang/crates.io-index"
dependencies = [
 "num-integer 0.1.32 (registry+https://github.com/rust-lang/crates.io-index)",
 "num-traits 0.1.36 (registry+https://github.com/rust-lang/crates.io-index)",
 "rand 0.3.14 (registry+https://github.com/rust-lang/crates.io-index)",
 "rustc-serialize 0.3.21 (registry+https://github.com/rust-lang/crates.io-index)",
]

[[package]]
name = "num-complex"
version = "0.1.35"
source = "registry+https://github.com/rust-lang/crates.io-index"
dependencies = [
 "num-traits 0.1.36 (registry+https://github.com/rust-lang/crates.io-index)",
 "rustc-serialize 0.3.21 (registry+https://github.com/rust-lang/crates.io-index)",
]

[[package]]
name = "num-integer"
version = "0.1.32"
source = "registry+https://github.com/rust-lang/crates.io-index"
dependencies = [
 "num-traits 0.1.36 (registry+https://github.com/rust-lang/crates.io-index)",
]

[[package]]
name = "num-iter"
version = "0.1.32"
source = "registry+https://github.com/rust-lang/crates.io-index"
dependencies = [
 "num-integer 0.1.32 (registry+https://github.com/rust-lang/crates.io-index)",
 "num-traits 0.1.36 (registry+https://github.com/rust-lang/crates.io-index)",
]

[[package]]
name = "num-rational"
version = "0.1.35"
source = "registry+https://github.com/rust-lang/crates.io-index"
dependencies = [
 "num-bigint 0.1.35 (registry+https://github.com/rust-lang/crates.io-index)",
 "num-integer 0.1.32 (registry+https://github.com/rust-lang/crates.io-index)",
 "num-traits 0.1.36 (registry+https://github.com/rust-lang/crates.io-index)",
 "rustc-serialize 0.3.21 (registry+https://github.com/rust-lang/crates.io-index)",
]

[[package]]
name = "num-traits"
version = "0.1.36"
source = "registry+https://github.com/rust-lang/crates.io-index"

[[package]]
name = "ogg"
version = "0.4.0"
source = "registry+https://github.com/rust-lang/crates.io-index"
dependencies = [
 "byteorder 0.5.3 (registry+https://github.com/rust-lang/crates.io-index)",
]

[[package]]
name = "pkg-config"
version = "0.3.8"
source = "registry+https://github.com/rust-lang/crates.io-index"

[[package]]
name = "post-expansion"
version = "0.1.0"
source = "registry+https://github.com/rust-lang/crates.io-index"
dependencies = [
 "quote 0.3.5 (registry+https://github.com/rust-lang/crates.io-index)",
 "syn 0.9.2 (registry+https://github.com/rust-lang/crates.io-index)",
]

[[package]]
name = "protobuf"
version = "1.0.24"
source = "registry+https://github.com/rust-lang/crates.io-index"

[[package]]
name = "protobuf_build"
version = "0.1.1"
source = "git+https://github.com/plietar/rust-protobuf-build.git#24d5a01ca035d0c00a3fae7ce5e26b6d2e68ddcb"
dependencies = [
 "gcc 0.3.38 (registry+https://github.com/rust-lang/crates.io-index)",
 "libc 0.2.17 (registry+https://github.com/rust-lang/crates.io-index)",
 "pkg-config 0.3.8 (registry+https://github.com/rust-lang/crates.io-index)",
 "protobuf 1.0.24 (registry+https://github.com/rust-lang/crates.io-index)",
]

[[package]]
name = "protobuf_macros"
version = "0.6.0"
source = "git+https://github.com/plietar/rust-protobuf-macros#5f557eed880eb22ff81ebab154e8f76a26df2b9c"
dependencies = [
 "aster 0.33.1 (registry+https://github.com/rust-lang/crates.io-index)",
 "syntex 0.48.0 (registry+https://github.com/rust-lang/crates.io-index)",
 "syntex_syntax 0.48.0 (registry+https://github.com/rust-lang/crates.io-index)",
]

[[package]]
name = "quasi"
version = "0.25.1"
source = "registry+https://github.com/rust-lang/crates.io-index"
dependencies = [
 "syntex_errors 0.48.0 (registry+https://github.com/rust-lang/crates.io-index)",
 "syntex_syntax 0.48.0 (registry+https://github.com/rust-lang/crates.io-index)",
]

[[package]]
name = "quasi_codegen"
version = "0.25.1"
source = "registry+https://github.com/rust-lang/crates.io-index"
dependencies = [
 "aster 0.33.1 (registry+https://github.com/rust-lang/crates.io-index)",
 "syntex 0.48.0 (registry+https://github.com/rust-lang/crates.io-index)",
 "syntex_errors 0.48.0 (registry+https://github.com/rust-lang/crates.io-index)",
 "syntex_syntax 0.48.0 (registry+https://github.com/rust-lang/crates.io-index)",
]

[[package]]
name = "quote"
version = "0.3.5"
source = "registry+https://github.com/rust-lang/crates.io-index"

[[package]]
name = "rand"
version = "0.3.14"
source = "registry+https://github.com/rust-lang/crates.io-index"
dependencies = [
 "libc 0.2.17 (registry+https://github.com/rust-lang/crates.io-index)",
]

[[package]]
name = "regex"
version = "0.1.80"
source = "registry+https://github.com/rust-lang/crates.io-index"
dependencies = [
 "aho-corasick 0.5.3 (registry+https://github.com/rust-lang/crates.io-index)",
 "memchr 0.1.11 (registry+https://github.com/rust-lang/crates.io-index)",
 "regex-syntax 0.3.9 (registry+https://github.com/rust-lang/crates.io-index)",
 "thread_local 0.2.7 (registry+https://github.com/rust-lang/crates.io-index)",
 "utf8-ranges 0.1.3 (registry+https://github.com/rust-lang/crates.io-index)",
]

[[package]]
name = "regex-syntax"
version = "0.3.9"
source = "registry+https://github.com/rust-lang/crates.io-index"

[[package]]
name = "rpassword"
version = "0.3.0"
source = "registry+https://github.com/rust-lang/crates.io-index"
dependencies = [
 "kernel32-sys 0.2.2 (registry+https://github.com/rust-lang/crates.io-index)",
 "libc 0.2.17 (registry+https://github.com/rust-lang/crates.io-index)",
 "termios 0.2.2 (registry+https://github.com/rust-lang/crates.io-index)",
 "winapi 0.2.8 (registry+https://github.com/rust-lang/crates.io-index)",
]

[[package]]
name = "rust-crypto"
version = "0.2.36"
source = "registry+https://github.com/rust-lang/crates.io-index"
dependencies = [
 "gcc 0.3.38 (registry+https://github.com/rust-lang/crates.io-index)",
 "libc 0.2.17 (registry+https://github.com/rust-lang/crates.io-index)",
 "rand 0.3.14 (registry+https://github.com/rust-lang/crates.io-index)",
 "rustc-serialize 0.3.21 (registry+https://github.com/rust-lang/crates.io-index)",
 "time 0.1.35 (registry+https://github.com/rust-lang/crates.io-index)",
]

[[package]]
name = "rustc-serialize"
version = "0.3.21"
source = "registry+https://github.com/rust-lang/crates.io-index"

[[package]]
name = "rustc_version"
version = "0.1.7"
source = "registry+https://github.com/rust-lang/crates.io-index"
dependencies = [
 "semver 0.1.20 (registry+https://github.com/rust-lang/crates.io-index)",
]

[[package]]
name = "scoped-tls"
version = "0.1.0"
source = "registry+https://github.com/rust-lang/crates.io-index"

[[package]]
name = "semver"
version = "0.1.20"
source = "registry+https://github.com/rust-lang/crates.io-index"

[[package]]
name = "serde"
version = "0.8.17"
source = "registry+https://github.com/rust-lang/crates.io-index"

[[package]]
name = "serde_codegen"
version = "0.8.17"
source = "registry+https://github.com/rust-lang/crates.io-index"
dependencies = [
 "post-expansion 0.1.0 (registry+https://github.com/rust-lang/crates.io-index)",
 "quote 0.3.5 (registry+https://github.com/rust-lang/crates.io-index)",
 "serde_codegen_internals 0.10.0 (registry+https://github.com/rust-lang/crates.io-index)",
 "syn 0.9.2 (registry+https://github.com/rust-lang/crates.io-index)",
 "syntex 0.48.0 (registry+https://github.com/rust-lang/crates.io-index)",
 "syntex_syntax 0.48.0 (registry+https://github.com/rust-lang/crates.io-index)",
]

[[package]]
name = "serde_codegen_internals"
version = "0.10.0"
source = "registry+https://github.com/rust-lang/crates.io-index"
dependencies = [
 "syn 0.9.2 (registry+https://github.com/rust-lang/crates.io-index)",
]

[[package]]
name = "serde_derive"
version = "0.8.17"
source = "registry+https://github.com/rust-lang/crates.io-index"
dependencies = [
 "post-expansion 0.1.0 (registry+https://github.com/rust-lang/crates.io-index)",
 "serde_codegen 0.8.17 (registry+https://github.com/rust-lang/crates.io-index)",
]

[[package]]
name = "serde_json"
version = "0.8.3"
source = "registry+https://github.com/rust-lang/crates.io-index"
dependencies = [
 "dtoa 0.2.2 (registry+https://github.com/rust-lang/crates.io-index)",
 "itoa 0.1.1 (registry+https://github.com/rust-lang/crates.io-index)",
 "num-traits 0.1.36 (registry+https://github.com/rust-lang/crates.io-index)",
 "serde 0.8.17 (registry+https://github.com/rust-lang/crates.io-index)",
]

[[package]]
name = "shannon"
version = "0.1.1"
source = "git+https://github.com/plietar/rust-shannon#613aa1e752b3247a30d2c866bb45f0170e9df8d6"
dependencies = [
 "byteorder 0.5.3 (registry+https://github.com/rust-lang/crates.io-index)",
 "libc 0.2.17 (registry+https://github.com/rust-lang/crates.io-index)",
 "shannon-sys 0.1.0 (git+https://github.com/plietar/rust-shannon)",
]

[[package]]
name = "shannon-sys"
version = "0.1.0"
source = "git+https://github.com/plietar/rust-shannon#613aa1e752b3247a30d2c866bb45f0170e9df8d6"
dependencies = [
 "gcc 0.3.38 (registry+https://github.com/rust-lang/crates.io-index)",
 "libc 0.2.17 (registry+https://github.com/rust-lang/crates.io-index)",
]

[[package]]
name = "slab"
version = "0.3.0"
source = "registry+https://github.com/rust-lang/crates.io-index"

[[package]]
name = "syn"
version = "0.9.2"
source = "registry+https://github.com/rust-lang/crates.io-index"
dependencies = [
 "quote 0.3.5 (registry+https://github.com/rust-lang/crates.io-index)",
 "unicode-xid 0.0.3 (registry+https://github.com/rust-lang/crates.io-index)",
]

[[package]]
name = "syntex"
version = "0.48.0"
source = "registry+https://github.com/rust-lang/crates.io-index"
dependencies = [
 "syntex_errors 0.48.0 (registry+https://github.com/rust-lang/crates.io-index)",
 "syntex_syntax 0.48.0 (registry+https://github.com/rust-lang/crates.io-index)",
]

[[package]]
name = "syntex_errors"
version = "0.48.0"
source = "registry+https://github.com/rust-lang/crates.io-index"
dependencies = [
 "libc 0.2.17 (registry+https://github.com/rust-lang/crates.io-index)",
 "log 0.3.6 (registry+https://github.com/rust-lang/crates.io-index)",
 "rustc-serialize 0.3.21 (registry+https://github.com/rust-lang/crates.io-index)",
 "syntex_pos 0.48.0 (registry+https://github.com/rust-lang/crates.io-index)",
 "term 0.4.4 (registry+https://github.com/rust-lang/crates.io-index)",
 "unicode-xid 0.0.3 (registry+https://github.com/rust-lang/crates.io-index)",
]

[[package]]
name = "syntex_pos"
version = "0.48.0"
source = "registry+https://github.com/rust-lang/crates.io-index"
dependencies = [
 "rustc-serialize 0.3.21 (registry+https://github.com/rust-lang/crates.io-index)",
]

[[package]]
name = "syntex_syntax"
version = "0.48.0"
source = "registry+https://github.com/rust-lang/crates.io-index"
dependencies = [
 "bitflags 0.7.0 (registry+https://github.com/rust-lang/crates.io-index)",
 "libc 0.2.17 (registry+https://github.com/rust-lang/crates.io-index)",
 "log 0.3.6 (registry+https://github.com/rust-lang/crates.io-index)",
 "rustc-serialize 0.3.21 (registry+https://github.com/rust-lang/crates.io-index)",
 "syntex_errors 0.48.0 (registry+https://github.com/rust-lang/crates.io-index)",
 "syntex_pos 0.48.0 (registry+https://github.com/rust-lang/crates.io-index)",
 "term 0.4.4 (registry+https://github.com/rust-lang/crates.io-index)",
 "unicode-xid 0.0.3 (registry+https://github.com/rust-lang/crates.io-index)",
]

[[package]]
name = "term"
version = "0.4.4"
source = "registry+https://github.com/rust-lang/crates.io-index"
dependencies = [
 "kernel32-sys 0.2.2 (registry+https://github.com/rust-lang/crates.io-index)",
 "winapi 0.2.8 (registry+https://github.com/rust-lang/crates.io-index)",
]

[[package]]
name = "termios"
version = "0.2.2"
source = "registry+https://github.com/rust-lang/crates.io-index"
dependencies = [
 "libc 0.2.17 (registry+https://github.com/rust-lang/crates.io-index)",
]

[[package]]
name = "thread-id"
version = "2.0.0"
source = "registry+https://github.com/rust-lang/crates.io-index"
dependencies = [
 "kernel32-sys 0.2.2 (registry+https://github.com/rust-lang/crates.io-index)",
 "libc 0.2.17 (registry+https://github.com/rust-lang/crates.io-index)",
]

[[package]]
name = "thread_local"
version = "0.2.7"
source = "registry+https://github.com/rust-lang/crates.io-index"
dependencies = [
 "thread-id 2.0.0 (registry+https://github.com/rust-lang/crates.io-index)",
]

[[package]]
name = "time"
version = "0.1.35"
source = "registry+https://github.com/rust-lang/crates.io-index"
dependencies = [
 "kernel32-sys 0.2.2 (registry+https://github.com/rust-lang/crates.io-index)",
 "libc 0.2.17 (registry+https://github.com/rust-lang/crates.io-index)",
 "winapi 0.2.8 (registry+https://github.com/rust-lang/crates.io-index)",
]

[[package]]
name = "tokio-core"
version = "0.1.0"
source = "git+https://github.com/tokio-rs/tokio-core#0f49a69a06a8ed0595ed3b272720cfc03df71df2"
dependencies = [
 "futures 0.1.3 (git+https://github.com/alexcrichton/futures-rs)",
 "log 0.3.6 (registry+https://github.com/rust-lang/crates.io-index)",
 "mio 0.6.1 (registry+https://github.com/rust-lang/crates.io-index)",
 "scoped-tls 0.1.0 (registry+https://github.com/rust-lang/crates.io-index)",
 "slab 0.3.0 (registry+https://github.com/rust-lang/crates.io-index)",
]

[[package]]
name = "unicode-xid"
version = "0.0.3"
source = "registry+https://github.com/rust-lang/crates.io-index"

[[package]]
name = "utf8-ranges"
version = "0.1.3"
source = "registry+https://github.com/rust-lang/crates.io-index"

[[package]]
name = "uuid"
version = "0.3.1"
source = "registry+https://github.com/rust-lang/crates.io-index"
dependencies = [
 "rand 0.3.14 (registry+https://github.com/rust-lang/crates.io-index)",
]

[[package]]
name = "vergen"
version = "0.1.1"
source = "registry+https://github.com/rust-lang/crates.io-index"
dependencies = [
 "bitflags 0.7.0 (registry+https://github.com/rust-lang/crates.io-index)",
 "time 0.1.35 (registry+https://github.com/rust-lang/crates.io-index)",
]

[[package]]
name = "void"
version = "1.0.2"
source = "registry+https://github.com/rust-lang/crates.io-index"

[[package]]
name = "winapi"
version = "0.2.8"
source = "registry+https://github.com/rust-lang/crates.io-index"

[[package]]
name = "winapi-build"
version = "0.1.1"
source = "registry+https://github.com/rust-lang/crates.io-index"

[[package]]
name = "ws2_32-sys"
version = "0.2.1"
source = "registry+https://github.com/rust-lang/crates.io-index"
dependencies = [
 "winapi 0.2.8 (registry+https://github.com/rust-lang/crates.io-index)",
 "winapi-build 0.1.1 (registry+https://github.com/rust-lang/crates.io-index)",
]

[metadata]
"checksum aho-corasick 0.5.3 (registry+https://github.com/rust-lang/crates.io-index)" = "ca972c2ea5f742bfce5687b9aef75506a764f61d37f8f649047846a9686ddb66"
"checksum anymap 0.12.0 (registry+https://github.com/rust-lang/crates.io-index)" = "c702427bd148c347930407b05d7b106d5e23e50bbca3b985ea344e83a0a31411"
"checksum argparse 0.2.1 (registry+https://github.com/rust-lang/crates.io-index)" = "37bb99f5e39ee8b23b6e227f5b8f024207e8616f44aa4b8c76ecd828011667ef"
"checksum aster 0.33.1 (registry+https://github.com/rust-lang/crates.io-index)" = "7fd9ead8bc802c446f6862420c6207abf24ae19c6f8d624d4f9bdba44fc50563"
"checksum bitflags 0.4.0 (registry+https://github.com/rust-lang/crates.io-index)" = "8dead7461c1127cf637931a1e50934eb6eee8bff2f74433ac7909e9afcee04a3"
"checksum bitflags 0.7.0 (registry+https://github.com/rust-lang/crates.io-index)" = "aad18937a628ec6abcd26d1489012cc0e18c21798210f491af69ded9b881106d"
"checksum bounded-spsc-queue 0.1.2 (registry+https://github.com/rust-lang/crates.io-index)" = "864e67f4f68b8a8f52342e247eb6f46368cc5e88cc9951e5aa62cacac0727772"
"checksum byteorder 0.5.3 (registry+https://github.com/rust-lang/crates.io-index)" = "0fc10e8cc6b2580fda3f36eb6dc5316657f812a3df879a44a66fc9f0fdbc4855"
"checksum cfg-if 0.1.0 (registry+https://github.com/rust-lang/crates.io-index)" = "de1e760d7b6535af4241fca8bd8adf68e2e7edacc6b29f5d399050c5e48cf88c"
"checksum coreaudio-rs 0.6.0 (registry+https://github.com/rust-lang/crates.io-index)" = "7a633fa29946681f8c98ad593c00a84189961970a01e317b054cdd7628794f7f"
"checksum coreaudio-sys 0.1.2 (registry+https://github.com/rust-lang/crates.io-index)" = "31231897622a4cd14cb211af6f26d6fcf0c78078fa60c586ce9db8f0b581cd44"
"checksum dtoa 0.2.2 (registry+https://github.com/rust-lang/crates.io-index)" = "0dd841b58510c9618291ffa448da2e4e0f699d984d436122372f446dae62263d"
"checksum env_logger 0.3.5 (registry+https://github.com/rust-lang/crates.io-index)" = "15abd780e45b3ea4f76b4e9a26ff4843258dd8a3eed2775a0e7368c2e7936c2f"
"checksum futures 0.1.3 (git+https://github.com/alexcrichton/futures-rs)" = "<none>"
"checksum gcc 0.3.38 (registry+https://github.com/rust-lang/crates.io-index)" = "553f11439bdefe755bf366b264820f1da70f3aaf3924e594b886beb9c831bcf5"
"checksum ieee754 0.2.1 (registry+https://github.com/rust-lang/crates.io-index)" = "4b09e329f1c87586e560c9de4f2c737a39033f8d9579f3b9949fa14532234c93"
"checksum itoa 0.1.1 (registry+https://github.com/rust-lang/crates.io-index)" = "ae3088ea4baeceb0284ee9eea42f591226e6beaecf65373e41b38d95a1b8e7a1"
"checksum json_macros 0.3.1 (git+https://github.com/plietar/json_macros)" = "<none>"
"checksum kernel32-sys 0.2.2 (registry+https://github.com/rust-lang/crates.io-index)" = "7507624b29483431c0ba2d82aece8ca6cdba9382bff4ddd0f7490560c056098d"
"checksum lazy_static 0.2.2 (registry+https://github.com/rust-lang/crates.io-index)" = "6abe0ee2e758cd6bc8a2cd56726359007748fbf4128da998b65d0b70f881e19b"
"checksum lazycell 0.4.0 (registry+https://github.com/rust-lang/crates.io-index)" = "ce12306c4739d86ee97c23139f3a34ddf0387bbf181bc7929d287025a8c3ef6b"
"checksum lewton 0.4.1 (registry+https://github.com/rust-lang/crates.io-index)" = "1674d272633480046096d1fb97eb4fb99de9325bcb342ad349d8fb3b6ab38b89"
"checksum libc 0.2.17 (registry+https://github.com/rust-lang/crates.io-index)" = "044d1360593a78f5c8e5e710beccdc24ab71d1f01bc19a29bcacdba22e8475d8"
"checksum log 0.3.6 (registry+https://github.com/rust-lang/crates.io-index)" = "ab83497bf8bf4ed2a74259c1c802351fcd67a65baa86394b6ba73c36f4838054"
"checksum memchr 0.1.11 (registry+https://github.com/rust-lang/crates.io-index)" = "d8b629fb514376c675b98c1421e80b151d3817ac42d7c667717d282761418d20"
"checksum mio 0.6.1 (registry+https://github.com/rust-lang/crates.io-index)" = "410a1a0ff76f5a226f1e4e3ff1756128e65cd30166e39c3892283e2ac09d5b67"
"checksum miow 0.1.3 (registry+https://github.com/rust-lang/crates.io-index)" = "d5bfc6782530ac8ace97af10a540054a37126b63b0702ddaaa243b73b5745b9a"
"checksum net2 0.2.26 (registry+https://github.com/rust-lang/crates.io-index)" = "5edf9cb6be97212423aed9413dd4729d62b370b5e1c571750e882cebbbc1e3e2"
"checksum nix 0.7.0 (registry+https://github.com/rust-lang/crates.io-index)" = "a0d95c5fa8b641c10ad0b8887454ebaafa3c92b5cd5350f8fc693adafd178e7b"
"checksum num 0.1.36 (registry+https://github.com/rust-lang/crates.io-index)" = "bde7c03b09e7c6a301ee81f6ddf66d7a28ec305699e3d3b056d2fc56470e3120"
"checksum num-bigint 0.1.35 (registry+https://github.com/rust-lang/crates.io-index)" = "88b14378471f7c2adc5262f05b4701ef53e8da376453a8d8fee48e51db745e49"
"checksum num-complex 0.1.35 (registry+https://github.com/rust-lang/crates.io-index)" = "f0c78e054dd19c3fd03419ade63fa661e9c49bb890ce3beb4eee5b7baf93f92f"
"checksum num-integer 0.1.32 (registry+https://github.com/rust-lang/crates.io-index)" = "fb24d9bfb3f222010df27995441ded1e954f8f69cd35021f6bef02ca9552fb92"
"checksum num-iter 0.1.32 (registry+https://github.com/rust-lang/crates.io-index)" = "287a1c9969a847055e1122ec0ea7a5c5d6f72aad97934e131c83d5c08ab4e45c"
"checksum num-rational 0.1.35 (registry+https://github.com/rust-lang/crates.io-index)" = "54ff603b8334a72fbb27fe66948aac0abaaa40231b3cecd189e76162f6f38aaf"
"checksum num-traits 0.1.36 (registry+https://github.com/rust-lang/crates.io-index)" = "a16a42856a256b39c6d3484f097f6713e14feacd9bfb02290917904fae46c81c"
"checksum ogg 0.4.0 (registry+https://github.com/rust-lang/crates.io-index)" = "780fc298e7c28a3d5b49638da41b99136d535564ca7060574dab61a845e4947d"
"checksum pkg-config 0.3.8 (registry+https://github.com/rust-lang/crates.io-index)" = "8cee804ecc7eaf201a4a207241472cc870e825206f6c031e3ee2a72fa425f2fa"
"checksum post-expansion 0.1.0 (registry+https://github.com/rust-lang/crates.io-index)" = "31a834a6060acaef74a8d878f6ca37a2b86fefe042bbfe70689ba587e42526f9"
"checksum protobuf 1.0.24 (registry+https://github.com/rust-lang/crates.io-index)" = "6ec4c2fe04370298218a09ab53a534febf54c160c5554e4de987b6d73c916d5d"
"checksum protobuf_build 0.1.1 (git+https://github.com/plietar/rust-protobuf-build.git)" = "<none>"
"checksum protobuf_macros 0.6.0 (git+https://github.com/plietar/rust-protobuf-macros)" = "<none>"
"checksum quasi 0.25.1 (registry+https://github.com/rust-lang/crates.io-index)" = "c0a869bdadf0d3f15f29ac6ec5d5844acdb273b089a68e79aed95ae16da6ed59"
"checksum quasi_codegen 0.25.1 (registry+https://github.com/rust-lang/crates.io-index)" = "7867dcd01c5e568b184c1afc49537805b341f4bc33a7f861b1e5cfb79e4e4116"
"checksum quote 0.3.5 (registry+https://github.com/rust-lang/crates.io-index)" = "ea1e0c9bc6bfb0a60d539aab6e338207c1a5456e62f5bd5375132cee119aa4b3"
"checksum rand 0.3.14 (registry+https://github.com/rust-lang/crates.io-index)" = "2791d88c6defac799c3f20d74f094ca33b9332612d9aef9078519c82e4fe04a5"
"checksum regex 0.1.80 (registry+https://github.com/rust-lang/crates.io-index)" = "4fd4ace6a8cf7860714a2c2280d6c1f7e6a413486c13298bbc86fd3da019402f"
"checksum regex-syntax 0.3.9 (registry+https://github.com/rust-lang/crates.io-index)" = "f9ec002c35e86791825ed294b50008eea9ddfc8def4420124fbc6b08db834957"
"checksum rpassword 0.3.0 (registry+https://github.com/rust-lang/crates.io-index)" = "ab6e42be826e215f30ff830904f8f4a0933c6e2ae890e1af8b408f5bae60081e"
"checksum rust-crypto 0.2.36 (registry+https://github.com/rust-lang/crates.io-index)" = "f76d05d3993fd5f4af9434e8e436db163a12a9d40e1a58a726f27a01dfd12a2a"
"checksum rustc-serialize 0.3.21 (registry+https://github.com/rust-lang/crates.io-index)" = "bff9fc1c79f2dec76b253273d07682e94a978bd8f132ded071188122b2af9818"
"checksum rustc_version 0.1.7 (registry+https://github.com/rust-lang/crates.io-index)" = "c5f5376ea5e30ce23c03eb77cbe4962b988deead10910c372b226388b594c084"
"checksum scoped-tls 0.1.0 (registry+https://github.com/rust-lang/crates.io-index)" = "f417c22df063e9450888a7561788e9bd46d3bb3c1466435b4eccb903807f147d"
"checksum semver 0.1.20 (registry+https://github.com/rust-lang/crates.io-index)" = "d4f410fedcf71af0345d7607d246e7ad15faaadd49d240ee3b24e5dc21a820ac"
"checksum serde 0.8.17 (registry+https://github.com/rust-lang/crates.io-index)" = "784e249221c84265caeb1e2fe48aeada86f67f5acb151bd3903c4585969e43f6"
"checksum serde_codegen 0.8.17 (registry+https://github.com/rust-lang/crates.io-index)" = "c3b932a3bb4d729e39aa04cc5e2f2ac70ba239a5a151d2dc9a1956fd6a2f7c15"
"checksum serde_codegen_internals 0.10.0 (registry+https://github.com/rust-lang/crates.io-index)" = "318f7e77aa5187391d74aaf4553d2189f56b0ce25e963414c951b97877ffdcec"
"checksum serde_derive 0.8.17 (registry+https://github.com/rust-lang/crates.io-index)" = "c6a73f0e5fc193668afa2a714bf8397063af46e6c8df72686e53fbac15b2e38c"
"checksum serde_json 0.8.3 (registry+https://github.com/rust-lang/crates.io-index)" = "1cb6b19e74d9f65b9d03343730b643d729a446b29376785cd65efdff4675e2fc"
"checksum shannon 0.1.1 (git+https://github.com/plietar/rust-shannon)" = "<none>"
"checksum shannon-sys 0.1.0 (git+https://github.com/plietar/rust-shannon)" = "<none>"
"checksum slab 0.3.0 (registry+https://github.com/rust-lang/crates.io-index)" = "17b4fcaed89ab08ef143da37bc52adbcc04d4a69014f4c1208d6b51f0c47bc23"
"checksum syn 0.9.2 (registry+https://github.com/rust-lang/crates.io-index)" = "76c2db66dc579998854d84ff0ff4a81cb73e69596764d144ce7cece4d04ce6b5"
"checksum syntex 0.48.0 (registry+https://github.com/rust-lang/crates.io-index)" = "17e2e2ad78f4942d011750c304e9a9874717b6986c8fa2f6072f58fbd0835dcb"
"checksum syntex_errors 0.48.0 (registry+https://github.com/rust-lang/crates.io-index)" = "0b2784ff2ca385a451f1f835dcb3926e5c61461c6468aac1e35edcbc4cd33808"
"checksum syntex_pos 0.48.0 (registry+https://github.com/rust-lang/crates.io-index)" = "25fadff25e4db9336cd715dea4bc7d4bf51d08cc39a1463b689661f1dea6893c"
"checksum syntex_syntax 0.48.0 (registry+https://github.com/rust-lang/crates.io-index)" = "0c3c7d1082d30f7042d1e7b00bd2ab0466daa84529fa13891e9312d8a32fd97e"
"checksum term 0.4.4 (registry+https://github.com/rust-lang/crates.io-index)" = "3deff8a2b3b6607d6d7cc32ac25c0b33709453ca9cceac006caac51e963cf94a"
"checksum termios 0.2.2 (registry+https://github.com/rust-lang/crates.io-index)" = "d5d9cf598a6d7ce700a4e6a9199da127e6819a61e64b68609683cc9a01b5683a"
"checksum thread-id 2.0.0 (registry+https://github.com/rust-lang/crates.io-index)" = "a9539db560102d1cef46b8b78ce737ff0bb64e7e18d35b2a5688f7d097d0ff03"
"checksum thread_local 0.2.7 (registry+https://github.com/rust-lang/crates.io-index)" = "8576dbbfcaef9641452d5cf0df9b0e7eeab7694956dd33bb61515fb8f18cfdd5"
"checksum time 0.1.35 (registry+https://github.com/rust-lang/crates.io-index)" = "3c7ec6d62a20df54e07ab3b78b9a3932972f4b7981de295563686849eb3989af"
"checksum tokio-core 0.1.0 (git+https://github.com/tokio-rs/tokio-core)" = "<none>"
"checksum unicode-xid 0.0.3 (registry+https://github.com/rust-lang/crates.io-index)" = "36dff09cafb4ec7c8cf0023eb0b686cb6ce65499116a12201c9e11840ca01beb"
"checksum utf8-ranges 0.1.3 (registry+https://github.com/rust-lang/crates.io-index)" = "a1ca13c08c41c9c3e04224ed9ff80461d97e121589ff27c753a16cb10830ae0f"
"checksum uuid 0.3.1 (registry+https://github.com/rust-lang/crates.io-index)" = "1a9ff57156caf7e22f37baf3c9d8f6ce8194842c23419dafcb0716024514d162"
"checksum vergen 0.1.1 (registry+https://github.com/rust-lang/crates.io-index)" = "8c3365f36c57e5df714a34be40902b27a992eeddb9996eca52d0584611cf885d"
"checksum void 1.0.2 (registry+https://github.com/rust-lang/crates.io-index)" = "6a02e4885ed3bc0f2de90ea6dd45ebcbb66dacffe03547fadbb0eeae2770887d"
"checksum winapi 0.2.8 (registry+https://github.com/rust-lang/crates.io-index)" = "167dc9d6949a9b857f3451275e911c3f44255842c1f7a76f33c55103a909087a"
"checksum winapi-build 0.1.1 (registry+https://github.com/rust-lang/crates.io-index)" = "2d315eee3b34aca4797b2da6b13ed88266e6d612562a0c46390af8299fc699bc"
"checksum ws2_32-sys 0.2.1 (registry+https://github.com/rust-lang/crates.io-index)" = "d59cefebd0c892fa2dd6de581e937301d8552cb44489cdff035c6187cb63fa5e"
